
Microsoft Visual Studio Solution File, Format Version 12.00
# Visual Studio Version 16
VisualStudioVersion = 16.0.31729.503
MinimumVisualStudioVersion = 10.0.40219.1
Project("{FAE04EC0-301F-11D3-BF4B-00C04F79EFBC}") = "AlgorithmProgram", "AlgorithmProgram\AlgorithmProgram.csproj", "{1D749EF3-BC6A-4846-A5CC-87D457236C52}"
EndProject
Global
	GlobalSection(SolutionConfigurationPlatforms) = preSolution
		Debug|Any CPU = Debug|Any CPU
		Release|Any CPU = Release|Any CPU
	EndGlobalSection
	GlobalSection(ProjectConfigurationPlatforms) = postSolution
		{1D749EF3-BC6A-4846-A5CC-87D457236C52}.Debug|Any CPU.ActiveCfg = Debug|Any CPU
		{1D749EF3-BC6A-4846-A5CC-87D457236C52}.Debug|Any CPU.Build.0 = Debug|Any CPU
		{1D749EF3-BC6A-4846-A5CC-87D457236C52}.Release|Any CPU.ActiveCfg = Release|Any CPU
		{1D749EF3-BC6A-4846-A5CC-87D457236C52}.Release|Any CPU.Build.0 = Release|Any CPU
	EndGlobalSection
	GlobalSection(SolutionProperties) = preSolution
		HideSolutionNode = FALSE
	EndGlobalSection
	GlobalSection(ExtensibilityGlobals) = postSolution
		SolutionGuid = {2AF543C7-08EA-4093-9BCD-593B1FD2A9F6}
	EndGlobalSection
EndGlobal
